
Microsoft Visual Studio Solution File, Format Version 12.00
# Visual Studio Version 16
VisualStudioVersion = 16.0.30225.117
MinimumVisualStudioVersion = 10.0.40219.1
Project("{FAE04EC0-301F-11D3-BF4B-00C04F79EFBC}") = "MJE.Dev.CodeKata", "MJE.Dev.CodeKata\MJE.Dev.CodeKata.csproj", "{A7AC3160-0D71-492A-9A2B-4AD2848DE951}"
EndProject
Project("{2150E333-8FDC-42A3-9474-1A3956D46DE8}") = "Katas", "Katas", "{F5972214-2C65-47E5-A9F5-24DE632F757B}"
	ProjectSection(SolutionItems) = preProject
		OsheroveTDDKata1.txt = OsheroveTDDKata1.txt
	EndProjectSection
EndProject
Project("{F2A71F9B-5D33-465A-A702-920D77279786}") = "MJE.Dev.CodeKata.FingStringCalculator", "MJE.Dev.CodeKata.FingStringCalculator\MJE.Dev.CodeKata.FingStringCalculator.fsproj", "{0597AA9F-FFE5-48F0-9E4D-7DA58A59DED1}"
EndProject
Global
	GlobalSection(SolutionConfigurationPlatforms) = preSolution
		Debug|Any CPU = Debug|Any CPU
		Release|Any CPU = Release|Any CPU
	EndGlobalSection
	GlobalSection(ProjectConfigurationPlatforms) = postSolution
		{A7AC3160-0D71-492A-9A2B-4AD2848DE951}.Debug|Any CPU.ActiveCfg = Debug|Any CPU
		{A7AC3160-0D71-492A-9A2B-4AD2848DE951}.Debug|Any CPU.Build.0 = Debug|Any CPU
		{A7AC3160-0D71-492A-9A2B-4AD2848DE951}.Release|Any CPU.ActiveCfg = Release|Any CPU
		{A7AC3160-0D71-492A-9A2B-4AD2848DE951}.Release|Any CPU.Build.0 = Release|Any CPU
		{0597AA9F-FFE5-48F0-9E4D-7DA58A59DED1}.Debug|Any CPU.ActiveCfg = Debug|Any CPU
		{0597AA9F-FFE5-48F0-9E4D-7DA58A59DED1}.Debug|Any CPU.Build.0 = Debug|Any CPU
		{0597AA9F-FFE5-48F0-9E4D-7DA58A59DED1}.Release|Any CPU.ActiveCfg = Release|Any CPU
		{0597AA9F-FFE5-48F0-9E4D-7DA58A59DED1}.Release|Any CPU.Build.0 = Release|Any CPU
	EndGlobalSection
	GlobalSection(SolutionProperties) = preSolution
		HideSolutionNode = FALSE
	EndGlobalSection
	GlobalSection(ExtensibilityGlobals) = postSolution
		SolutionGuid = {919EF912-7000-4853-B75C-038E3624F9A8}
	EndGlobalSection
EndGlobal
